<Solution>
  <Project Path="SistemaContable.Data/SistemaContable.Data.csproj" Id="7cbfd599-08cd-4a36-8b75-336014bf5d0d" />
  <Project Path="SistemaContable.Entities/SistemaContable.Entities.csproj" />
  <Project Path="SistemaContable.Repository/SistemaContable.Repository.csproj" />
  <Project Path="SistemaContable.Services/SistemaContable.Services.csproj" />
  <Project Path="SistemaContable.Web/SistemaContable.Web.csproj" />
</Solution>
